
Microsoft Visual Studio Solution File, Format Version 12.00
# Visual Studio 15
VisualStudioVersion = 15.0.28307.168
MinimumVisualStudioVersion = 10.0.40219.1
Project("{FAE04EC0-301F-11D3-BF4B-00C04F79EFBC}") = "731909", "731909\731909.csproj", "{515B53EE-3D61-494B-998E-484DC395DD6F}"
EndProject
Global
	GlobalSection(SolutionConfigurationPlatforms) = preSolution
		Debug|Any CPU = Debug|Any CPU
		Release|Any CPU = Release|Any CPU
	EndGlobalSection
	GlobalSection(ProjectConfigurationPlatforms) = postSolution
		{515B53EE-3D61-494B-998E-484DC395DD6F}.Debug|Any CPU.ActiveCfg = Debug|Any CPU
		{515B53EE-3D61-494B-998E-484DC395DD6F}.Debug|Any CPU.Build.0 = Debug|Any CPU
		{515B53EE-3D61-494B-998E-484DC395DD6F}.Release|Any CPU.ActiveCfg = Release|Any CPU
		{515B53EE-3D61-494B-998E-484DC395DD6F}.Release|Any CPU.Build.0 = Release|Any CPU
	EndGlobalSection
	GlobalSection(SolutionProperties) = preSolution
		HideSolutionNode = FALSE
	EndGlobalSection
	GlobalSection(ExtensibilityGlobals) = postSolution
		SolutionGuid = {CA7FBEF1-58E4-436F-BFD6-FF744CAB5FA7}
	EndGlobalSection
EndGlobal
